Microsoft Visual Studio Solution File, Format Version 12.00
# Visual Studio Version 17
VisualStudioVersion = 17.5.2.0
MinimumVisualStudioVersion = 10.0.40219.1
Project("{FAE04EC0-301F-11D3-BF4B-00C04F79EFBC}") = "MyFitnessBud", "MyFitnessBud.csproj", "{DAF3465F-0A1D-835C-D9CA-1F4D86542097}"
EndProject
Global
	GlobalSection(SolutionConfigurationPlatforms) = preSolution
		Debug|Any CPU = Debug|Any CPU
		Release|Any CPU = Release|Any CPU
	EndGlobalSection
	GlobalSection(ProjectConfigurationPlatforms) = postSolution
		{DAF3465F-0A1D-835C-D9CA-1F4D86542097}.Debug|Any CPU.ActiveCfg = Debug|Any CPU
		{DAF3465F-0A1D-835C-D9CA-1F4D86542097}.Debug|Any CPU.Build.0 = Debug|Any CPU
		{DAF3465F-0A1D-835C-D9CA-1F4D86542097}.Release|Any CPU.ActiveCfg = Release|Any CPU
		{DAF3465F-0A1D-835C-D9CA-1F4D86542097}.Release|Any CPU.Build.0 = Release|Any CPU
	EndGlobalSection
	GlobalSection(SolutionProperties) = preSolution
		HideSolutionNode = FALSE
	EndGlobalSection
	GlobalSection(ExtensibilityGlobals) = postSolution
		SolutionGuid = {86897008-EC96-4B8C-B959-1A157ADC0151}
	EndGlobalSection
EndGlobal
